// !$*UTF8*$!
{
	archiveVersion = 1;
	classes = {
	};
	objectVersion = 46;
	objects = {

/* Begin PBXBuildFile section */
		49952E4E1A5F1F10004F5559 /* main.cpp in Sources */ = {isa = PBXBuildFile; fileRef = 49952E4D1A5F1F10004F5559 /* main.cpp */; };
		49952E5C1A5F6FB8004F5559 /* libopencv_core.2.4.9.dylib in Frameworks */ = {isa = PBXBuildFile; fileRef = 49952E5B1A5F6FB8004F5559 /* libopencv_core.2.4.9.dylib */; };
		49952E5E1A5F7002004F5559 /* libopencv_highgui.2.4.9.dylib in Frameworks */ = {isa = PBXBuildFile; fileRef = 49952E5D1A5F7002004F5559 /* libopencv_highgui.2.4.9.dylib */; };
		49952E601A5F7047004F5559 /* libopencv_video.2.4.9.dylib in Frameworks */ = {isa = PBXBuildFile; fileRef = 49952E5F1A5F7047004F5559 /* libopencv_video.2.4.9.dylib */; };
		49952E621A5F7060004F5559 /* libopencv_photo.2.4.9.dylib in Frameworks */ = {isa = PBXBuildFile; fileRef = 49952E611A5F7060004F5559 /* libopencv_photo.2.4.9.dylib */; };
		49952E641A5F71F9004F5559 /* libopencv_imgproc.2.4.9.dylib in Frameworks */ = {isa = PBXBuildFile; fileRef = 49952E631A5F71F9004F5559 /* libopencv_imgproc.2.4.9.dylib */; };
/* End PBXBuildFile section */

/* Begin PBXCopyFilesBuildPhase section */
		49952E481A5F1F10004F5559 /* CopyFiles */ = {
			isa = PBXCopyFilesBuildPhase;
			buildActionMask = 2147483647;
			dstPath = /usr/share/man/man1/;
			dstSubfolderSpec = 0;
			files = (
			);
			runOnlyForDeploymentPostprocessing = 1;
		};
/* End PBXCopyFilesBuildPhase section */

/* Begin PBXFileReference section */
		49952E4A1A5F1F10004F5559 /* BallTracking */ = {isa = PBXFileReference; explicitFileType = "compiled.mach-o.executable"; includeInIndex = 0; path = BallTracking; sourceTree = BUILT_PRODUCTS_DIR; };
		49952E4D1A5F1F10004F5559 /* main.cpp */ = {isa = PBXFileReference; lastKnownFileType = sourcecode.cpp.cpp; path = main.cpp; sourceTree = "<group>"; };
		49952E5B1A5F6FB8004F5559 /* libopencv_core.2.4.9.dylib */ = {isa = PBXFileReference; lastKnownFileType = "compiled.mach-o.dylib"; name = libopencv_core.2.4.9.dylib; path = ../../../../../usr/local/lib/libopencv_core.2.4.9.dylib; sourceTree = "<group>"; };
		49952E5D1A5F7002004F5559 /* libopencv_highgui.2.4.9.dylib */ = {isa = PBXFileReference; lastKnownFileType = "compiled.mach-o.dylib"; name = libopencv_highgui.2.4.9.dylib; path = ../../../../../usr/local/lib/libopencv_highgui.2.4.9.dylib; sourceTree = "<group>"; };
		49952E5F1A5F7047004F5559 /* libopencv_video.2.4.9.dylib */ = {isa = PBXFileReference; lastKnownFileType = "compiled.mach-o.dylib"; name = libopencv_video.2.4.9.dylib; path = ../../../../../usr/local/lib/libopencv_video.2.4.9.dylib; sourceTree = "<group>"; };
		49952E611A5F7060004F5559 /* libopencv_photo.2.4.9.dylib */ = {isa = PBXFileReference; lastKnownFileType = "compiled.mach-o.dylib"; name = libopencv_photo.2.4.9.dylib; path = ../../../../../usr/local/lib/libopencv_photo.2.4.9.dylib; sourceTree = "<group>"; };
		49952E631A5F71F9004F5559 /* libopencv_imgproc.2.4.9.dylib */ = {isa = PBXFileReference; lastKnownFileType = "compiled.mach-o.dylib"; name = libopencv_imgproc.2.4.9.dylib; path = ../../../../../usr/local/lib/libopencv_imgproc.2.4.9.dylib; sourceTree = "<group>"; };
/* End PBXFileReference section */

/* Begin PBXFrameworksBuildPhase section */
		49952E471A5F1F10004F5559 /* Frameworks */ = {
			isa = PBXFrameworksBuildPhase;
			buildActionMask = 2147483647;
			files = (
				49952E5E1A5F7002004F5559 /* libopencv_highgui.2.4.9.dylib in Frameworks */,
				49952E621A5F7060004F5559 /* libopencv_photo.2.4.9.dylib in Frameworks */,
				49952E5C1A5F6FB8004F5559 /* libopencv_core.2.4.9.dylib in Frameworks */,
				49952E641A5F71F9004F5559 /* libopencv_imgproc.2.4.9.dylib in Frameworks */,
				49952E601A5F7047004F5559 /* libopencv_video.2.4.9.dylib in Frameworks */,
			);
			runOnlyForDeploymentPostprocessing = 0;
		};
/* End PBXFrameworksBuildPhase section */

/* Begin PBXGroup section */
		49952E411A5F1F10004F5559 = {
			isa = PBXGroup;
			children = (
				49952E561A5F6494004F5559 /* opencv frameworks */,
				49952E4C1A5F1F10004F5559 /* BallTracking */,
				49952E4B1A5F1F10004F5559 /* Products */,
			);
			sourceTree = "<group>";
		};
		49952E4B1A5F1F10004F5559 /* Products */ = {
			isa = PBXGroup;
			children = (
				49952E4A1A5F1F10004F5559 /* BallTracking */,
			);
			name = Products;
			sourceTree = "<group>";
		};
		49952E4C1A5F1F10004F5559 /* BallTracking */ = {
			isa = PBXGroup;
			children = (
				49952E4D1A5F1F10004F5559 /* main.cpp */,
			);
			path = BallTracking;
			sourceTree = "<group>";
		};
		49952E561A5F6494004F5559 /* opencv frameworks */ = {
			isa = PBXGroup;
			children = (
				49952E631A5F71F9004F5559 /* libopencv_imgproc.2.4.9.dylib */,
				49952E611A5F7060004F5559 /* libopencv_photo.2.4.9.dylib */,
				49952E5F1A5F7047004F5559 /* libopencv_video.2.4.9.dylib */,
				49952E5D1A5F7002004F5559 /* libopencv_highgui.2.4.9.dylib */,
				49952E5B1A5F6FB8004F5559 /* libopencv_core.2.4.9.dylib */,
			);
			name = "opencv frameworks";
			sourceTree = "<group>";
		};
/* End PBXGroup section */

/* Begin PBXNativeTarget section */
		49952E491A5F1F10004F5559 /* BallTracking */ = {
			isa = PBXNativeTarget;
			buildConfigurationList = 49952E511A5F1F10004F5559 /* Build configuration list for PBXNativeTarget "BallTracking" */;
			buildPhases = (
				49952E461A5F1F10004F5559 /* Sources */,
				49952E471A5F1F10004F5559 /* Frameworks */,
				49952E481A5F1F10004F5559 /* CopyFiles */,
			);
			buildRules = (
			);
			dependencies = (
			);
			name = BallTracking;
			productName = BallTracking;
			productReference = 49952E4A1A5F1F10004F5559 /* BallTracking */;
			productType = "com.apple.product-type.tool";
		};
/* End PBXNativeTarget section */

/* Begin PBXProject section */
		49952E421A5F1F10004F5559 /* Project object */ = {
			isa = PBXProject;
			attributes = {
				LastUpgradeCheck = 0610;
				ORGANIZATIONNAME = Agata;
				TargetAttributes = {
					49952E491A5F1F10004F5559 = {
						CreatedOnToolsVersion = 6.1;
					};
				};
			};
			buildConfigurationList = 49952E451A5F1F10004F5559 /* Build configuration list for PBXProject "BallTracking" */;
			compatibilityVersion = "Xcode 3.2";
			developmentRegion = English;
			hasScannedForEncodings = 0;
			knownRegions = (
				en,
			);
			mainGroup = 49952E411A5F1F10004F5559;
			productRefGroup = 49952E4B1A5F1F10004F5559 /* Products */;
			projectDirPath = "";
			projectRoot = "";
			targets = (
				49952E491A5F1F10004F5559 /* BallTracking */,
			);
		};
/* End PBXProject section */

/* Begin PBXSourcesBuildPhase section */
		49952E461A5F1F10004F5559 /* Sources */ = {
			isa = PBXSourcesBuildPhase;
			buildActionMask = 2147483647;
			files = (
				49952E4E1A5F1F10004F5559 /* main.cpp in Sources */,
			);
			runOnlyForDeploymentPostprocessing = 0;
		};
/* End PBXSourcesBuildPhase section */

/* Begin XCBuildConfiguration section */
		49952E4F1A5F1F10004F5559 /* Debug */ = {
			isa = XCBuildConfiguration;
			buildSettings = {
				ALWAYS_SEARCH_USER_PATHS = NO;
				CLANG_CXX_LANGUAGE_STANDARD = "gnu++0x";
				CLANG_CXX_LIBRARY = "libstdc++";
				CLANG_ENABLE_MODULES = YES;
				CLANG_ENABLE_OBJC_ARC = YES;
				CLANG_WARN_BOOL_CONVERSION = YES;
				CLANG_WARN_CONSTANT_CONVERSION = YES;
				CLANG_WARN_DIRECT_OBJC_ISA_USAGE = YES_ERROR;
				CLANG_WARN_EMPTY_BODY = YES;
				CLANG_WARN_ENUM_CONVERSION = YES;
				CLANG_WARN_INT_CONVERSION = YES;
				CLANG_WARN_OBJC_ROOT_CLASS = YES_ERROR;
				CLANG_WARN_UNREACHABLE_CODE = YES;
				CLANG_WARN__DUPLICATE_METHOD_MATCH = YES;
				COPY_PHASE_STRIP = NO;
				ENABLE_STRICT_OBJC_MSGSEND = YES;
				GCC_C_LANGUAGE_STANDARD = gnu99;
				GCC_DYNAMIC_NO_PIC = NO;
				GCC_OPTIMIZATION_LEVEL = 0;
				GCC_PREPROCESSOR_DEFINITIONS = (
					"DEBUG=1",
					"$(inherited)",
				);
				GCC_SYMBOLS_PRIVATE_EXTERN = NO;
				GCC_WARN_64_TO_32_BIT_CONVERSION = YES;
				GCC_WARN_ABOUT_RETURN_TYPE = YES_ERROR;
				GCC_WARN_UNDECLARED_SELECTOR = YES;
				GCC_WARN_UNINITIALIZED_AUTOS = YES_AGGRESSIVE;
				GCC_WARN_UNUSED_FUNCTION = YES;
				GCC_WARN_UNUSED_VARIABLE = YES;
				HEADER_SEARCH_PATHS = (
					"$(inherited)",
					/Applications/Xcode.app/Contents/Developer/Toolchains/XcodeDefault.xctoolchain/usr/include,
					/usr/local/include,
				);
				LIBRARY_SEARCH_PATHS = /usr/local/lib;
				MACOSX_DEPLOYMENT_TARGET = 10.10;
				MTL_ENABLE_DEBUG_INFO = YES;
				ONLY_ACTIVE_ARCH = YES;
				SDKROOT = macosx;
			};
			name = Debug;
		};
		49952E501A5F1F10004F5559 /* Release */ = {
			isa = XCBuildConfiguration;
			buildSettings = {
				ALWAYS_SEARCH_USER_PATHS = NO;
				CLANG_CXX_LANGUAGE_STANDARD = "gnu++0x";
				CLANG_CXX_LIBRARY = "libstdc++";
				CLANG_ENABLE_MODULES = YES;
				CLANG_ENABLE_OBJC_ARC = YES;
				CLANG_WARN_BOOL_CONVERSION = YES;
				CLANG_WARN_CONSTANT_CONVERSION = YES;
				CLANG_WARN_DIRECT_OBJC_ISA_USAGE = YES_ERROR;
				CLANG_WARN_EMPTY_BODY = YES;
				CLANG_WARN_ENUM_CONVERSION = YES;
				CLANG_WARN_INT_CONVERSION = YES;
				CLANG_WARN_OBJC_ROOT_CLASS = YES_ERROR;
				CLANG_WARN_UNREACHABLE_CODE = YES;
				CLANG_WARN__DUPLICATE_METHOD_MATCH = YES;
				COPY_PHASE_STRIP = YES;
				DEBUG_INFORMATION_FORMAT = "dwarf-with-dsym";
				ENABLE_NS_ASSERTIONS = NO;
				ENABLE_STRICT_OBJC_MSGSEND = YES;
				GCC_C_LANGUAGE_STANDARD = gnu99;
				GCC_WARN_64_TO_32_BIT_CONVERSION = YES;
				GCC_WARN_ABOUT_RETURN_TYPE = YES_ERROR;
				GCC_WARN_UNDECLARED_SELECTOR = YES;
				GCC_WARN_UNINITIALIZED_AUTOS = YES_AGGRESSIVE;
				GCC_WARN_UNUSED_FUNCTION = YES;
				GCC_WARN_UNUSED_VARIABLE = YES;
				HEADER_SEARCH_PATHS = (
					"$(inherited)",
					/Applications/Xcode.app/Contents/Developer/Toolchains/XcodeDefault.xctoolchain/usr/include,
					/usr/local/include,
				);
				LIBRARY_SEARCH_PATHS = /usr/local/lib;
				MACOSX_DEPLOYMENT_TARGET = 10.10;
				MTL_ENABLE_DEBUG_INFO = NO;
				SDKROOT = macosx;
			};
			name = Release;
		};
		49952E521A5F1F10004F5559 /* Debug */ = {
			isa = XCBuildConfiguration;
			buildSettings = {
				ARCHS = "$(NATIVE_ARCH_ACTUAL)";
				CLANG_CXX_LANGUAGE_STANDARD = "compiler-default";
				CLANG_CXX_LIBRARY = "compiler-default";
				FRAMEWORK_SEARCH_PATHS = (
					"$(inherited)",
					/Users/agata/Desktop,
				);
				HEADER_SEARCH_PATHS = (
					"$(inherited)",
					/Applications/Xcode.app/Contents/Developer/Toolchains/XcodeDefault.xctoolchain/usr/include,
					/usr/local/include,
				);
				PRODUCT_NAME = "$(TARGET_NAME)";
			};
			name = Debug;
		};
		49952E531A5F1F10004F5559 /* Release */ = {
			isa = XCBuildConfiguration;
			buildSettings = {
				ARCHS = "$(NATIVE_ARCH_ACTUAL)";
				CLANG_CXX_LANGUAGE_STANDARD = "compiler-default";
				CLANG_CXX_LIBRARY = "compiler-default";
				FRAMEWORK_SEARCH_PATHS = (
					"$(inherited)",
					/Users/agata/Desktop,
				);
				HEADER_SEARCH_PATHS = (
					"$(inherited)",
					/Applications/Xcode.app/Contents/Developer/Toolchains/XcodeDefault.xctoolchain/usr/include,
					/usr/local/include,
				);
				PRODUCT_NAME = "$(TARGET_NAME)";
			};
			name = Release;
		};
/* End XCBuildConfiguration section */

/* Begin XCConfigurationList section */
		49952E451A5F1F10004F5559 /* Build configuration list for PBXProject "BallTracking" */ = {
			isa = XCConfigurationList;
			buildConfigurations = (
				49952E4F1A5F1F10004F5559 /* Debug */,
				49952E501A5F1F10004F5559 /* Release */,
			);
			defaultConfigurationIsVisible = 0;
			defaultConfigurationName = Release;
		};
		49952E511A5F1F10004F5559 /* Build configuration list for PBXNativeTarget "BallTracking" */ = {
			isa = XCConfigurationList;
			buildConfigurations = (
				49952E521A5F1F10004F5559 /* Debug */,
				49952E531A5F1F10004F5559 /* Release */,
			);
			defaultConfigurationIsVisible = 0;
			defaultConfigurationName = Release;
		};
/* End XCConfigurationList section */
	};
	rootObject = 49952E421A5F1F10004F5559 /* Project object */;
}
